
Microsoft Visual Studio Solution File, Format Version 12.00
# Visual Studio Version 17
VisualStudioVersion = 17.1.32414.318
MinimumVisualStudioVersion = 10.0.40219.1
Project("{FAE04EC0-301F-11D3-BF4B-00C04F79EFBC}") = "MethodsWithLoopsAndConditionals", "MethodsWithLoopsAndConditionals\MethodsWithLoopsAndConditionals.csproj", "{6C0F26FD-DC7A-462F-ACF6-C09AA2D8832B}"
EndProject
Global
	GlobalSection(SolutionConfigurationPlatforms) = preSolution
		Debug|Any CPU = Debug|Any CPU
		Release|Any CPU = Release|Any CPU
	EndGlobalSection
	GlobalSection(ProjectConfigurationPlatforms) = postSolution
		{6C0F26FD-DC7A-462F-ACF6-C09AA2D8832B}.Debug|Any CPU.ActiveCfg = Debug|Any CPU
		{6C0F26FD-DC7A-462F-ACF6-C09AA2D8832B}.Debug|Any CPU.Build.0 = Debug|Any CPU
		{6C0F26FD-DC7A-462F-ACF6-C09AA2D8832B}.Release|Any CPU.ActiveCfg = Release|Any CPU
		{6C0F26FD-DC7A-462F-ACF6-C09AA2D8832B}.Release|Any CPU.Build.0 = Release|Any CPU
	EndGlobalSection
	GlobalSection(SolutionProperties) = preSolution
		HideSolutionNode = FALSE
	EndGlobalSection
	GlobalSection(ExtensibilityGlobals) = postSolution
		SolutionGuid = {35DEE76A-5E60-44B1-BFE7-EE252431FC63}
	EndGlobalSection
EndGlobal
